
Microsoft Visual Studio Solution File, Format Version 12.00
# Visual Studio 15
VisualStudioVersion = 15.0.28010.0
MinimumVisualStudioVersion = 10.0.40219.1
Project("{FAE04EC0-301F-11D3-BF4B-00C04F79EFBC}") = "AgileDiary", "AgileDiary\AgileDiary.csproj", "{67E9D029-D53A-4AEB-A899-51C5A3DF29EB}"
EndProject
Global
	GlobalSection(SolutionConfigurationPlatforms) = preSolution
		Debug|Any CPU = Debug|Any CPU
		Release|Any CPU = Release|Any CPU
	EndGlobalSection
	GlobalSection(ProjectConfigurationPlatforms) = postSolution
		{67E9D029-D53A-4AEB-A899-51C5A3DF29EB}.Debug|Any CPU.ActiveCfg = Debug|Any CPU
		{67E9D029-D53A-4AEB-A899-51C5A3DF29EB}.Debug|Any CPU.Build.0 = Debug|Any CPU
		{67E9D029-D53A-4AEB-A899-51C5A3DF29EB}.Release|Any CPU.ActiveCfg = Release|Any CPU
		{67E9D029-D53A-4AEB-A899-51C5A3DF29EB}.Release|Any CPU.Build.0 = Release|Any CPU
	EndGlobalSection
	GlobalSection(SolutionProperties) = preSolution
		HideSolutionNode = FALSE
	EndGlobalSection
	GlobalSection(ExtensibilityGlobals) = postSolution
		SolutionGuid = {B6E2F361-74F6-41DB-AAF7-AC8098AFD268}
	EndGlobalSection
EndGlobal
