
Microsoft Visual Studio Solution File, Format Version 12.00
# Visual Studio 15
VisualStudioVersion = 15.0.27703.2000
MinimumVisualStudioVersion = 10.0.40219.1
Project("{9A19103F-16F7-4668-BE54-9A1E7A4F7556}") = "AltAgileDiary", "AltAgileDiary.csproj", "{A788C119-2724-411F-B9B8-2819DCC3D236}"
EndProject
Global
	GlobalSection(SolutionConfigurationPlatforms) = preSolution
		Debug|Any CPU = Debug|Any CPU
		Release|Any CPU = Release|Any CPU
	EndGlobalSection
	GlobalSection(ProjectConfigurationPlatforms) = postSolution
		{A788C119-2724-411F-B9B8-2819DCC3D236}.Debug|Any CPU.ActiveCfg = Debug|Any CPU
		{A788C119-2724-411F-B9B8-2819DCC3D236}.Debug|Any CPU.Build.0 = Debug|Any CPU
		{A788C119-2724-411F-B9B8-2819DCC3D236}.Release|Any CPU.ActiveCfg = Release|Any CPU
		{A788C119-2724-411F-B9B8-2819DCC3D236}.Release|Any CPU.Build.0 = Release|Any CPU
	EndGlobalSection
	GlobalSection(SolutionProperties) = preSolution
		HideSolutionNode = FALSE
	EndGlobalSection
	GlobalSection(ExtensibilityGlobals) = postSolution
		SolutionGuid = {A73A7C87-EAAE-4EC4-A0F5-77B3F060D0EB}
	EndGlobalSection
EndGlobal
